
Microsoft Visual Studio Solution File, Format Version 12.00
# Visual Studio 15
VisualStudioVersion = 15.0.26430.13
MinimumVisualStudioVersion = 10.0.40219.1
Project("{FAE04EC0-301F-11D3-BF4B-00C04F79EFBC}") = "XFNavi", "XFNavi\XFNavi\XFNavi.csproj", "{E2F2C600-03D8-4531-BAC7-4DB8BA868064}"
EndProject
Project("{FAE04EC0-301F-11D3-BF4B-00C04F79EFBC}") = "XFNavi.Droid", "XFNavi\XFNavi.Droid\XFNavi.Droid.csproj", "{27F4CAC0-894C-4B9E-B9BD-80FB2CAB553A}"
EndProject
Project("{FAE04EC0-301F-11D3-BF4B-00C04F79EFBC}") = "XFNavi.iOS", "XFNavi\XFNavi.iOS\XFNavi.iOS.csproj", "{752BD714-FB42-4183-85C7-5A7BB2BBDD5E}"
EndProject
Project("{FAE04EC0-301F-11D3-BF4B-00C04F79EFBC}") = "XFNavi.UWP", "XFNavi\XFNavi.UWP\XFNavi.UWP.csproj", "{0F0CD433-3F8E-4805-B633-DA136F4E39A8}"
EndProject
Global
	GlobalSection(SolutionConfigurationPlatforms) = preSolution
		Ad-Hoc|Any CPU = Ad-Hoc|Any CPU
		Ad-Hoc|ARM = Ad-Hoc|ARM
		Ad-Hoc|iPhone = Ad-Hoc|iPhone
		Ad-Hoc|iPhoneSimulator = Ad-Hoc|iPhoneSimulator
		Ad-Hoc|x64 = Ad-Hoc|x64
		Ad-Hoc|x86 = Ad-Hoc|x86
		AppStore|Any CPU = AppStore|Any CPU
		AppStore|ARM = AppStore|ARM
		AppStore|iPhone = AppStore|iPhone
		AppStore|iPhoneSimulator = AppStore|iPhoneSimulator
		AppStore|x64 = AppStore|x64
		AppStore|x86 = AppStore|x86
		Debug|Any CPU = Debug|Any CPU
		Debug|ARM = Debug|ARM
		Debug|iPhone = Debug|iPhone
		Debug|iPhoneSimulator = Debug|iPhoneSimulator
		Debug|x64 = Debug|x64
		Debug|x86 = Debug|x86
		Release|Any CPU = Release|Any CPU
		Release|ARM = Release|ARM
		Release|iPhone = Release|iPhone
		Release|iPhoneSimulator = Release|iPhoneSimulator
		Release|x64 = Release|x64
		Release|x86 = Release|x86
	EndGlobalSection
	GlobalSection(ProjectConfigurationPlatforms) = postSolution
		{E2F2C600-03D8-4531-BAC7-4DB8BA868064}.Ad-Hoc|Any CPU.ActiveCfg = Release|Any CPU
		{E2F2C600-03D8-4531-BAC7-4DB8BA868064}.Ad-Hoc|Any CPU.Build.0 = Release|Any CPU
		{E2F2C600-03D8-4531-BAC7-4DB8BA868064}.Ad-Hoc|ARM.ActiveCfg = Release|Any CPU
		{E2F2C600-03D8-4531-BAC7-4DB8BA868064}.Ad-Hoc|ARM.Build.0 = Release|Any CPU
		{E2F2C600-03D8-4531-BAC7-4DB8BA868064}.Ad-Hoc|iPhone.ActiveCfg = Release|Any CPU
		{E2F2C600-03D8-4531-BAC7-4DB8BA868064}.Ad-Hoc|iPhone.Build.0 = Release|Any CPU
		{E2F2C600-03D8-4531-BAC7-4DB8BA868064}.Ad-Hoc|iPhoneSimulator.ActiveCfg = Release|Any CPU
		{E2F2C600-03D8-4531-BAC7-4DB8BA868064}.Ad-Hoc|iPhoneSimulator.Build.0 = Release|Any CPU
		{E2F2C600-03D8-4531-BAC7-4DB8BA868064}.Ad-Hoc|x64.ActiveCfg = Release|Any CPU
		{E2F2C600-03D8-4531-BAC7-4DB8BA868064}.Ad-Hoc|x64.Build.0 = Release|Any CPU
		{E2F2C600-03D8-4531-BAC7-4DB8BA868064}.Ad-Hoc|x86.ActiveCfg = Release|Any CPU
		{E2F2C600-03D8-4531-BAC7-4DB8BA868064}.Ad-Hoc|x86.Build.0 = Release|Any CPU
		{E2F2C600-03D8-4531-BAC7-4DB8BA868064}.AppStore|Any CPU.ActiveCfg = Release|Any CPU
		{E2F2C600-03D8-4531-BAC7-4DB8BA868064}.AppStore|Any CPU.Build.0 = Release|Any CPU
		{E2F2C600-03D8-4531-BAC7-4DB8BA868064}.AppStore|ARM.ActiveCfg = Release|Any CPU
		{E2F2C600-03D8-4531-BAC7-4DB8BA868064}.AppStore|ARM.Build.0 = Release|Any CPU
		{E2F2C600-03D8-4531-BAC7-4DB8BA868064}.AppStore|iPhone.ActiveCfg = Release|Any CPU
		{E2F2C600-03D8-4531-BAC7-4DB8BA868064}.AppStore|iPhone.Build.0 = Release|Any CPU
		{E2F2C600-03D8-4531-BAC7-4DB8BA868064}.AppStore|iPhoneSimulator.ActiveCfg = Release|Any CPU
		{E2F2C600-03D8-4531-BAC7-4DB8BA868064}.AppStore|iPhoneSimulator.Build.0 = Release|Any CPU
		{E2F2C600-03D8-4531-BAC7-4DB8BA868064}.AppStore|x64.ActiveCfg = Release|Any CPU
		{E2F2C600-03D8-4531-BAC7-4DB8BA868064}.AppStore|x64.Build.0 = Release|Any CPU
		{E2F2C600-03D8-4531-BAC7-4DB8BA868064}.AppStore|x86.ActiveCfg = Release|Any CPU
		{E2F2C600-03D8-4531-BAC7-4DB8BA868064}.AppStore|x86.Build.0 = Release|Any CPU
		{E2F2C600-03D8-4531-BAC7-4DB8BA868064}.Debug|Any CPU.ActiveCfg = Debug|Any CPU
		{E2F2C600-03D8-4531-BAC7-4DB8BA868064}.Debug|Any CPU.Build.0 = Debug|Any CPU
		{E2F2C600-03D8-4531-BAC7-4DB8BA868064}.Debug|ARM.ActiveCfg = Debug|Any CPU
		{E2F2C600-03D8-4531-BAC7-4DB8BA868064}.Debug|ARM.Build.0 = Debug|Any CPU
		{E2F2C600-03D8-4531-BAC7-4DB8BA868064}.Debug|iPhone.ActiveCfg = Debug|Any CPU
		{E2F2C600-03D8-4531-BAC7-4DB8BA868064}.Debug|iPhone.Build.0 = Debug|Any CPU
		{E2F2C600-03D8-4531-BAC7-4DB8BA868064}.Debug|iPhoneSimulator.ActiveCfg = Debug|Any CPU
		{E2F2C600-03D8-4531-BAC7-4DB8BA868064}.Debug|iPhoneSimulator.Build.0 = Debug|Any CPU
		{E2F2C600-03D8-4531-BAC7-4DB8BA868064}.Debug|x64.ActiveCfg = Debug|Any CPU
		{E2F2C600-03D8-4531-BAC7-4DB8BA868064}.Debug|x64.Build.0 = Debug|Any CPU
		{E2F2C600-03D8-4531-BAC7-4DB8BA868064}.Debug|x86.ActiveCfg = Debug|Any CPU
		{E2F2C600-03D8-4531-BAC7-4DB8BA868064}.Debug|x86.Build.0 = Debug|Any CPU
		{E2F2C600-03D8-4531-BAC7-4DB8BA868064}.Release|Any CPU.ActiveCfg = Release|Any CPU
		{E2F2C600-03D8-4531-BAC7-4DB8BA868064}.Release|Any CPU.Build.0 = Release|Any CPU
		{E2F2C600-03D8-4531-BAC7-4DB8BA868064}.Release|ARM.ActiveCfg = Release|Any CPU
		{E2F2C600-03D8-4531-BAC7-4DB8BA868064}.Release|ARM.Build.0 = Release|Any CPU
		{E2F2C600-03D8-4531-BAC7-4DB8BA868064}.Release|iPhone.ActiveCfg = Release|Any CPU
		{E2F2C600-03D8-4531-BAC7-4DB8BA868064}.Release|iPhone.Build.0 = Release|Any CPU
		{E2F2C600-03D8-4531-BAC7-4DB8BA868064}.Release|iPhoneSimulator.ActiveCfg = Release|Any CPU
		{E2F2C600-03D8-4531-BAC7-4DB8BA868064}.Release|iPhoneSimulator.Build.0 = Release|Any CPU
		{E2F2C600-03D8-4531-BAC7-4DB8BA868064}.Release|x64.ActiveCfg = Release|Any CPU
		{E2F2C600-03D8-4531-BAC7-4DB8BA868064}.Release|x64.Build.0 = Release|Any CPU
		{E2F2C600-03D8-4531-BAC7-4DB8BA868064}.Release|x86.ActiveCfg = Release|Any CPU
		{E2F2C600-03D8-4531-BAC7-4DB8BA868064}.Release|x86.Build.0 = Release|Any CPU
		{27F4CAC0-894C-4B9E-B9BD-80FB2CAB553A}.Ad-Hoc|Any CPU.ActiveCfg = Release|Any CPU
		{27F4CAC0-894C-4B9E-B9BD-80FB2CAB553A}.Ad-Hoc|Any CPU.Build.0 = Release|Any CPU
		{27F4CAC0-894C-4B9E-B9BD-80FB2CAB553A}.Ad-Hoc|Any CPU.Deploy.0 = Release|Any CPU
		{27F4CAC0-894C-4B9E-B9BD-80FB2CAB553A}.Ad-Hoc|ARM.ActiveCfg = Release|Any CPU
		{27F4CAC0-894C-4B9E-B9BD-80FB2CAB553A}.Ad-Hoc|ARM.Build.0 = Release|Any CPU
		{27F4CAC0-894C-4B9E-B9BD-80FB2CAB553A}.Ad-Hoc|ARM.Deploy.0 = Release|Any CPU
		{27F4CAC0-894C-4B9E-B9BD-80FB2CAB553A}.Ad-Hoc|iPhone.ActiveCfg = Release|Any CPU
		{27F4CAC0-894C-4B9E-B9BD-80FB2CAB553A}.Ad-Hoc|iPhone.Build.0 = Release|Any CPU
		{27F4CAC0-894C-4B9E-B9BD-80FB2CAB553A}.Ad-Hoc|iPhone.Deploy.0 = Release|Any CPU
		{27F4CAC0-894C-4B9E-B9BD-80FB2CAB553A}.Ad-Hoc|iPhoneSimulator.ActiveCfg = Release|Any CPU
		{27F4CAC0-894C-4B9E-B9BD-80FB2CAB553A}.Ad-Hoc|iPhoneSimulator.Build.0 = Release|Any CPU
		{27F4CAC0-894C-4B9E-B9BD-80FB2CAB553A}.Ad-Hoc|iPhoneSimulator.Deploy.0 = Release|Any CPU
		{27F4CAC0-894C-4B9E-B9BD-80FB2CAB553A}.Ad-Hoc|x64.ActiveCfg = Release|Any CPU
		{27F4CAC0-894C-4B9E-B9BD-80FB2CAB553A}.Ad-Hoc|x64.Build.0 = Release|Any CPU
		{27F4CAC0-894C-4B9E-B9BD-80FB2CAB553A}.Ad-Hoc|x64.Deploy.0 = Release|Any CPU
		{27F4CAC0-894C-4B9E-B9BD-80FB2CAB553A}.Ad-Hoc|x86.ActiveCfg = Release|Any CPU
		{27F4CAC0-894C-4B9E-B9BD-80FB2CAB553A}.Ad-Hoc|x86.Build.0 = Release|Any CPU
		{27F4CAC0-894C-4B9E-B9BD-80FB2CAB553A}.Ad-Hoc|x86.Deploy.0 = Release|Any CPU
		{27F4CAC0-894C-4B9E-B9BD-80FB2CAB553A}.AppStore|Any CPU.ActiveCfg = Release|Any CPU
		{27F4CAC0-894C-4B9E-B9BD-80FB2CAB553A}.AppStore|Any CPU.Build.0 = Release|Any CPU
		{27F4CAC0-894C-4B9E-B9BD-80FB2CAB553A}.AppStore|Any CPU.Deploy.0 = Release|Any CPU
		{27F4CAC0-894C-4B9E-B9BD-80FB2CAB553A}.AppStore|ARM.ActiveCfg = Release|Any CPU
		{27F4CAC0-894C-4B9E-B9BD-80FB2CAB553A}.AppStore|ARM.Build.0 = Release|Any CPU
		{27F4CAC0-894C-4B9E-B9BD-80FB2CAB553A}.AppStore|ARM.Deploy.0 = Release|Any CPU
		{27F4CAC0-894C-4B9E-B9BD-80FB2CAB553A}.AppStore|iPhone.ActiveCfg = Release|Any CPU
		{27F4CAC0-894C-4B9E-B9BD-80FB2CAB553A}.AppStore|iPhone.Build.0 = Release|Any CPU
		{27F4CAC0-894C-4B9E-B9BD-80FB2CAB553A}.AppStore|iPhone.Deploy.0 = Release|Any CPU
		{27F4CAC0-894C-4B9E-B9BD-80FB2CAB553A}.AppStore|iPhoneSimulator.ActiveCfg = Release|Any CPU
		{27F4CAC0-894C-4B9E-B9BD-80FB2CAB553A}.AppStore|iPhoneSimulator.Build.0 = Release|Any CPU
		{27F4CAC0-894C-4B9E-B9BD-80FB2CAB553A}.AppStore|iPhoneSimulator.Deploy.0 = Release|Any CPU
		{27F4CAC0-894C-4B9E-B9BD-80FB2CAB553A}.AppStore|x64.ActiveCfg = Release|Any CPU
		{27F4CAC0-894C-4B9E-B9BD-80FB2CAB553A}.AppStore|x64.Build.0 = Release|Any CPU
		{27F4CAC0-894C-4B9E-B9BD-80FB2CAB553A}.AppStore|x64.Deploy.0 = Release|Any CPU
		{27F4CAC0-894C-4B9E-B9BD-80FB2CAB553A}.AppStore|x86.ActiveCfg = Release|Any CPU
		{27F4CAC0-894C-4B9E-B9BD-80FB2CAB553A}.AppStore|x86.Build.0 = Release|Any CPU
		{27F4CAC0-894C-4B9E-B9BD-80FB2CAB553A}.AppStore|x86.Deploy.0 = Release|Any CPU
		{27F4CAC0-894C-4B9E-B9BD-80FB2CAB553A}.Debug|Any CPU.ActiveCfg = Debug|Any CPU
		{27F4CAC0-894C-4B9E-B9BD-80FB2CAB553A}.Debug|Any CPU.Build.0 = Debug|Any CPU
		{27F4CAC0-894C-4B9E-B9BD-80FB2CAB553A}.Debug|Any CPU.Deploy.0 = Debug|Any CPU
		{27F4CAC0-894C-4B9E-B9BD-80FB2CAB553A}.Debug|ARM.ActiveCfg = Debug|Any CPU
		{27F4CAC0-894C-4B9E-B9BD-80FB2CAB553A}.Debug|ARM.Build.0 = Debug|Any CPU
		{27F4CAC0-894C-4B9E-B9BD-80FB2CAB553A}.Debug|ARM.Deploy.0 = Debug|Any CPU
		{27F4CAC0-894C-4B9E-B9BD-80FB2CAB553A}.Debug|iPhone.ActiveCfg = Debug|Any CPU
		{27F4CAC0-894C-4B9E-B9BD-80FB2CAB553A}.Debug|iPhone.Build.0 = Debug|Any CPU
		{27F4CAC0-894C-4B9E-B9BD-80FB2CAB553A}.Debug|iPhone.Deploy.0 = Debug|Any CPU
		{27F4CAC0-894C-4B9E-B9BD-80FB2CAB553A}.Debug|iPhoneSimulator.ActiveCfg = Debug|Any CPU
		{27F4CAC0-894C-4B9E-B9BD-80FB2CAB553A}.Debug|iPhoneSimulator.Build.0 = Debug|Any CPU
		{27F4CAC0-894C-4B9E-B9BD-80FB2CAB553A}.Debug|iPhoneSimulator.Deploy.0 = Debug|Any CPU
		{27F4CAC0-894C-4B9E-B9BD-80FB2CAB553A}.Debug|x64.ActiveCfg = Debug|Any CPU
		{27F4CAC0-894C-4B9E-B9BD-80FB2CAB553A}.Debug|x64.Build.0 = Debug|Any CPU
		{27F4CAC0-894C-4B9E-B9BD-80FB2CAB553A}.Debug|x64.Deploy.0 = Debug|Any CPU
		{27F4CAC0-894C-4B9E-B9BD-80FB2CAB553A}.Debug|x86.ActiveCfg = Debug|Any CPU
		{27F4CAC0-894C-4B9E-B9BD-80FB2CAB553A}.Debug|x86.Build.0 = Debug|Any CPU
		{27F4CAC0-894C-4B9E-B9BD-80FB2CAB553A}.Debug|x86.Deploy.0 = Debug|Any CPU
		{27F4CAC0-894C-4B9E-B9BD-80FB2CAB553A}.Release|Any CPU.ActiveCfg = Release|Any CPU
		{27F4CAC0-894C-4B9E-B9BD-80FB2CAB553A}.Release|Any CPU.Build.0 = Release|Any CPU
		{27F4CAC0-894C-4B9E-B9BD-80FB2CAB553A}.Release|Any CPU.Deploy.0 = Release|Any CPU
		{27F4CAC0-894C-4B9E-B9BD-80FB2CAB553A}.Release|ARM.ActiveCfg = Release|Any CPU
		{27F4CAC0-894C-4B9E-B9BD-80FB2CAB553A}.Release|ARM.Build.0 = Release|Any CPU
		{27F4CAC0-894C-4B9E-B9BD-80FB2CAB553A}.Release|ARM.Deploy.0 = Release|Any CPU
		{27F4CAC0-894C-4B9E-B9BD-80FB2CAB553A}.Release|iPhone.ActiveCfg = Release|Any CPU
		{27F4CAC0-894C-4B9E-B9BD-80FB2CAB553A}.Release|iPhone.Build.0 = Release|Any CPU
		{27F4CAC0-894C-4B9E-B9BD-80FB2CAB553A}.Release|iPhone.Deploy.0 = Release|Any CPU
		{27F4CAC0-894C-4B9E-B9BD-80FB2CAB553A}.Release|iPhoneSimulator.ActiveCfg = Release|Any CPU
		{27F4CAC0-894C-4B9E-B9BD-80FB2CAB553A}.Release|iPhoneSimulator.Build.0 = Release|Any CPU
		{27F4CAC0-894C-4B9E-B9BD-80FB2CAB553A}.Release|iPhoneSimulator.Deploy.0 = Release|Any CPU
		{27F4CAC0-894C-4B9E-B9BD-80FB2CAB553A}.Release|x64.ActiveCfg = Release|Any CPU
		{27F4CAC0-894C-4B9E-B9BD-80FB2CAB553A}.Release|x64.Build.0 = Release|Any CPU
		{27F4CAC0-894C-4B9E-B9BD-80FB2CAB553A}.Release|x64.Deploy.0 = Release|Any CPU
		{27F4CAC0-894C-4B9E-B9BD-80FB2CAB553A}.Release|x86.ActiveCfg = Release|Any CPU
		{27F4CAC0-894C-4B9E-B9BD-80FB2CAB553A}.Release|x86.Build.0 = Release|Any CPU
		{27F4CAC0-894C-4B9E-B9BD-80FB2CAB553A}.Release|x86.Deploy.0 = Release|Any CPU
		{752BD714-FB42-4183-85C7-5A7BB2BBDD5E}.Ad-Hoc|Any CPU.ActiveCfg = Ad-Hoc|iPhone
		{752BD714-FB42-4183-85C7-5A7BB2BBDD5E}.Ad-Hoc|ARM.ActiveCfg = Ad-Hoc|iPhone
		{752BD714-FB42-4183-85C7-5A7BB2BBDD5E}.Ad-Hoc|iPhone.ActiveCfg = Ad-Hoc|iPhone
		{752BD714-FB42-4183-85C7-5A7BB2BBDD5E}.Ad-Hoc|iPhone.Build.0 = Ad-Hoc|iPhone
		{752BD714-FB42-4183-85C7-5A7BB2BBDD5E}.Ad-Hoc|iPhoneSimulator.ActiveCfg = Ad-Hoc|iPhoneSimulator
		{752BD714-FB42-4183-85C7-5A7BB2BBDD5E}.Ad-Hoc|iPhoneSimulator.Build.0 = Ad-Hoc|iPhoneSimulator
		{752BD714-FB42-4183-85C7-5A7BB2BBDD5E}.Ad-Hoc|x64.ActiveCfg = Ad-Hoc|iPhone
		{752BD714-FB42-4183-85C7-5A7BB2BBDD5E}.Ad-Hoc|x86.ActiveCfg = Ad-Hoc|iPhone
		{752BD714-FB42-4183-85C7-5A7BB2BBDD5E}.AppStore|Any CPU.ActiveCfg = AppStore|iPhone
		{752BD714-FB42-4183-85C7-5A7BB2BBDD5E}.AppStore|ARM.ActiveCfg = AppStore|iPhone
		{752BD714-FB42-4183-85C7-5A7BB2BBDD5E}.AppStore|iPhone.ActiveCfg = AppStore|iPhone
		{752BD714-FB42-4183-85C7-5A7BB2BBDD5E}.AppStore|iPhone.Build.0 = AppStore|iPhone
		{752BD714-FB42-4183-85C7-5A7BB2BBDD5E}.AppStore|iPhoneSimulator.ActiveCfg = AppStore|iPhoneSimulator
		{752BD714-FB42-4183-85C7-5A7BB2BBDD5E}.AppStore|iPhoneSimulator.Build.0 = AppStore|iPhoneSimulator
		{752BD714-FB42-4183-85C7-5A7BB2BBDD5E}.AppStore|x64.ActiveCfg = AppStore|iPhone
		{752BD714-FB42-4183-85C7-5A7BB2BBDD5E}.AppStore|x86.ActiveCfg = AppStore|iPhone
		{752BD714-FB42-4183-85C7-5A7BB2BBDD5E}.Debug|Any CPU.ActiveCfg = Debug|iPhone
		{752BD714-FB42-4183-85C7-5A7BB2BBDD5E}.Debug|ARM.ActiveCfg = Debug|iPhone
		{752BD714-FB42-4183-85C7-5A7BB2BBDD5E}.Debug|iPhone.ActiveCfg = Debug|iPhone
		{752BD714-FB42-4183-85C7-5A7BB2BBDD5E}.Debug|iPhone.Build.0 = Debug|iPhone
		{752BD714-FB42-4183-85C7-5A7BB2BBDD5E}.Debug|iPhoneSimulator.ActiveCfg = Debug|iPhoneSimulator
		{752BD714-FB42-4183-85C7-5A7BB2BBDD5E}.Debug|iPhoneSimulator.Build.0 = Debug|iPhoneSimulator
		{752BD714-FB42-4183-85C7-5A7BB2BBDD5E}.Debug|x64.ActiveCfg = Debug|iPhone
		{752BD714-FB42-4183-85C7-5A7BB2BBDD5E}.Debug|x86.ActiveCfg = Debug|iPhone
		{752BD714-FB42-4183-85C7-5A7BB2BBDD5E}.Release|Any CPU.ActiveCfg = Release|iPhone
		{752BD714-FB42-4183-85C7-5A7BB2BBDD5E}.Release|ARM.ActiveCfg = Release|iPhone
		{752BD714-FB42-4183-85C7-5A7BB2BBDD5E}.Release|iPhone.ActiveCfg = Release|iPhone
		{752BD714-FB42-4183-85C7-5A7BB2BBDD5E}.Release|iPhone.Build.0 = Release|iPhone
		{752BD714-FB42-4183-85C7-5A7BB2BBDD5E}.Release|iPhoneSimulator.ActiveCfg = Release|iPhoneSimulator
		{752BD714-FB42-4183-85C7-5A7BB2BBDD5E}.Release|iPhoneSimulator.Build.0 = Release|iPhoneSimulator
		{752BD714-FB42-4183-85C7-5A7BB2BBDD5E}.Release|x64.ActiveCfg = Release|iPhone
		{752BD714-FB42-4183-85C7-5A7BB2BBDD5E}.Release|x86.ActiveCfg = Release|iPhone
		{0F0CD433-3F8E-4805-B633-DA136F4E39A8}.Ad-Hoc|Any CPU.ActiveCfg = Release|x86
		{0F0CD433-3F8E-4805-B633-DA136F4E39A8}.Ad-Hoc|Any CPU.Build.0 = Release|x86
		{0F0CD433-3F8E-4805-B633-DA136F4E39A8}.Ad-Hoc|Any CPU.Deploy.0 = Release|x86
		{0F0CD433-3F8E-4805-B633-DA136F4E39A8}.Ad-Hoc|ARM.ActiveCfg = Release|ARM
		{0F0CD433-3F8E-4805-B633-DA136F4E39A8}.Ad-Hoc|ARM.Build.0 = Release|ARM
		{0F0CD433-3F8E-4805-B633-DA136F4E39A8}.Ad-Hoc|ARM.Deploy.0 = Release|ARM
		{0F0CD433-3F8E-4805-B633-DA136F4E39A8}.Ad-Hoc|iPhone.ActiveCfg = Release|x86
		{0F0CD433-3F8E-4805-B633-DA136F4E39A8}.Ad-Hoc|iPhone.Build.0 = Release|x86
		{0F0CD433-3F8E-4805-B633-DA136F4E39A8}.Ad-Hoc|iPhone.Deploy.0 = Release|x86
		{0F0CD433-3F8E-4805-B633-DA136F4E39A8}.Ad-Hoc|iPhoneSimulator.ActiveCfg = Release|x86
		{0F0CD433-3F8E-4805-B633-DA136F4E39A8}.Ad-Hoc|iPhoneSimulator.Build.0 = Release|x86
		{0F0CD433-3F8E-4805-B633-DA136F4E39A8}.Ad-Hoc|iPhoneSimulator.Deploy.0 = Release|x86
		{0F0CD433-3F8E-4805-B633-DA136F4E39A8}.Ad-Hoc|x64.ActiveCfg = Release|x64
		{0F0CD433-3F8E-4805-B633-DA136F4E39A8}.Ad-Hoc|x64.Build.0 = Release|x64
		{0F0CD433-3F8E-4805-B633-DA136F4E39A8}.Ad-Hoc|x64.Deploy.0 = Release|x64
		{0F0CD433-3F8E-4805-B633-DA136F4E39A8}.Ad-Hoc|x86.ActiveCfg = Release|x86
		{0F0CD433-3F8E-4805-B633-DA136F4E39A8}.Ad-Hoc|x86.Build.0 = Release|x86
		{0F0CD433-3F8E-4805-B633-DA136F4E39A8}.Ad-Hoc|x86.Deploy.0 = Release|x86
		{0F0CD433-3F8E-4805-B633-DA136F4E39A8}.AppStore|Any CPU.ActiveCfg = Release|x86
		{0F0CD433-3F8E-4805-B633-DA136F4E39A8}.AppStore|Any CPU.Build.0 = Release|x86
		{0F0CD433-3F8E-4805-B633-DA136F4E39A8}.AppStore|Any CPU.Deploy.0 = Release|x86
		{0F0CD433-3F8E-4805-B633-DA136F4E39A8}.AppStore|ARM.ActiveCfg = Release|ARM
		{0F0CD433-3F8E-4805-B633-DA136F4E39A8}.AppStore|ARM.Build.0 = Release|ARM
		{0F0CD433-3F8E-4805-B633-DA136F4E39A8}.AppStore|ARM.Deploy.0 = Release|ARM
		{0F0CD433-3F8E-4805-B633-DA136F4E39A8}.AppStore|iPhone.ActiveCfg = Release|x86
		{0F0CD433-3F8E-4805-B633-DA136F4E39A8}.AppStore|iPhone.Build.0 = Release|x86
		{0F0CD433-3F8E-4805-B633-DA136F4E39A8}.AppStore|iPhone.Deploy.0 = Release|x86
		{0F0CD433-3F8E-4805-B633-DA136F4E39A8}.AppStore|iPhoneSimulator.ActiveCfg = Release|x86
		{0F0CD433-3F8E-4805-B633-DA136F4E39A8}.AppStore|iPhoneSimulator.Build.0 = Release|x86
		{0F0CD433-3F8E-4805-B633-DA136F4E39A8}.AppStore|iPhoneSimulator.Deploy.0 = Release|x86
		{0F0CD433-3F8E-4805-B633-DA136F4E39A8}.AppStore|x64.ActiveCfg = Release|x64
		{0F0CD433-3F8E-4805-B633-DA136F4E39A8}.AppStore|x64.Build.0 = Release|x64
		{0F0CD433-3F8E-4805-B633-DA136F4E39A8}.AppStore|x64.Deploy.0 = Release|x64
		{0F0CD433-3F8E-4805-B633-DA136F4E39A8}.AppStore|x86.ActiveCfg = Release|x86
		{0F0CD433-3F8E-4805-B633-DA136F4E39A8}.AppStore|x86.Build.0 = Release|x86
		{0F0CD433-3F8E-4805-B633-DA136F4E39A8}.AppStore|x86.Deploy.0 = Release|x86
		{0F0CD433-3F8E-4805-B633-DA136F4E39A8}.Debug|Any CPU.ActiveCfg = Debug|x86
		{0F0CD433-3F8E-4805-B633-DA136F4E39A8}.Debug|ARM.ActiveCfg = Debug|ARM
		{0F0CD433-3F8E-4805-B633-DA136F4E39A8}.Debug|ARM.Build.0 = Debug|ARM
		{0F0CD433-3F8E-4805-B633-DA136F4E39A8}.Debug|ARM.Deploy.0 = Debug|ARM
		{0F0CD433-3F8E-4805-B633-DA136F4E39A8}.Debug|iPhone.ActiveCfg = Debug|x86
		{0F0CD433-3F8E-4805-B633-DA136F4E39A8}.Debug|iPhoneSimulator.ActiveCfg = Debug|x86
		{0F0CD433-3F8E-4805-B633-DA136F4E39A8}.Debug|x64.ActiveCfg = Debug|x64
		{0F0CD433-3F8E-4805-B633-DA136F4E39A8}.Debug|x64.Build.0 = Debug|x64
		{0F0CD433-3F8E-4805-B633-DA136F4E39A8}.Debug|x64.Deploy.0 = Debug|x64
		{0F0CD433-3F8E-4805-B633-DA136F4E39A8}.Debug|x86.ActiveCfg = Debug|x86
		{0F0CD433-3F8E-4805-B633-DA136F4E39A8}.Debug|x86.Build.0 = Debug|x86
		{0F0CD433-3F8E-4805-B633-DA136F4E39A8}.Debug|x86.Deploy.0 = Debug|x86
		{0F0CD433-3F8E-4805-B633-DA136F4E39A8}.Release|Any CPU.ActiveCfg = Release|x86
		{0F0CD433-3F8E-4805-B633-DA136F4E39A8}.Release|ARM.ActiveCfg = Release|ARM
		{0F0CD433-3F8E-4805-B633-DA136F4E39A8}.Release|ARM.Build.0 = Release|ARM
		{0F0CD433-3F8E-4805-B633-DA136F4E39A8}.Release|ARM.Deploy.0 = Release|ARM
		{0F0CD433-3F8E-4805-B633-DA136F4E39A8}.Release|iPhone.ActiveCfg = Release|x86
		{0F0CD433-3F8E-4805-B633-DA136F4E39A8}.Release|iPhoneSimulator.ActiveCfg = Release|x86
		{0F0CD433-3F8E-4805-B633-DA136F4E39A8}.Release|x64.ActiveCfg = Release|x64
		{0F0CD433-3F8E-4805-B633-DA136F4E39A8}.Release|x64.Build.0 = Release|x64
		{0F0CD433-3F8E-4805-B633-DA136F4E39A8}.Release|x64.Deploy.0 = Release|x64
		{0F0CD433-3F8E-4805-B633-DA136F4E39A8}.Release|x86.ActiveCfg = Release|x86
		{0F0CD433-3F8E-4805-B633-DA136F4E39A8}.Release|x86.Build.0 = Release|x86
		{0F0CD433-3F8E-4805-B633-DA136F4E39A8}.Release|x86.Deploy.0 = Release|x86
	EndGlobalSection
	GlobalSection(SolutionProperties) = preSolution
		HideSolutionNode = FALSE
	EndGlobalSection
EndGlobal
